
Microsoft Visual Studio Solution File, Format Version 12.00
# Visual Studio 15
VisualStudioVersion = 15.0.28307.329
MinimumVisualStudioVersion = 10.0.40219.1
Project("{FAE04EC0-301F-11D3-BF4B-00C04F79EFBC}") = "WebApplication2", "WebApplication2\WebApplication2.csproj", "{FF0BBD4F-D950-4ED6-81BB-BE80EE399C80}"
EndProject
Global
	GlobalSection(SolutionConfigurationPlatforms) = preSolution
		Debug|Any CPU = Debug|Any CPU
		Release|Any CPU = Release|Any CPU
	EndGlobalSection
	GlobalSection(ProjectConfigurationPlatforms) = postSolution
		{FF0BBD4F-D950-4ED6-81BB-BE80EE399C80}.Debug|Any CPU.ActiveCfg = Debug|Any CPU
		{FF0BBD4F-D950-4ED6-81BB-BE80EE399C80}.Debug|Any CPU.Build.0 = Debug|Any CPU
		{FF0BBD4F-D950-4ED6-81BB-BE80EE399C80}.Release|Any CPU.ActiveCfg = Release|Any CPU
		{FF0BBD4F-D950-4ED6-81BB-BE80EE399C80}.Release|Any CPU.Build.0 = Release|Any CPU
	EndGlobalSection
	GlobalSection(SolutionProperties) = preSolution
		HideSolutionNode = FALSE
	EndGlobalSection
	GlobalSection(ExtensibilityGlobals) = postSolution
		SolutionGuid = {3C03F125-54F0-416F-BADD-05AF7126FBD7}
	EndGlobalSection
EndGlobal
